
Microsoft Visual Studio Solution File, Format Version 12.00
# Visual Studio Version 16
VisualStudioVersion = 16.0.31112.23
MinimumVisualStudioVersion = 10.0.40219.1
Project("{FAE04EC0-301F-11D3-BF4B-00C04F79EFBC}") = "ASPNetCore.EF", "ASPNetCore.EF\ASPNetCore.EF.csproj", "{882B5AF7-DBB5-49C5-880D-0A8EDFABDAB7}"
EndProject
Global
	GlobalSection(SolutionConfigurationPlatforms) = preSolution
		Debug|Any CPU = Debug|Any CPU
		Release|Any CPU = Release|Any CPU
	EndGlobalSection
	GlobalSection(ProjectConfigurationPlatforms) = postSolution
		{882B5AF7-DBB5-49C5-880D-0A8EDFABDAB7}.Debug|Any CPU.ActiveCfg = Debug|Any CPU
		{882B5AF7-DBB5-49C5-880D-0A8EDFABDAB7}.Debug|Any CPU.Build.0 = Debug|Any CPU
		{882B5AF7-DBB5-49C5-880D-0A8EDFABDAB7}.Release|Any CPU.ActiveCfg = Release|Any CPU
		{882B5AF7-DBB5-49C5-880D-0A8EDFABDAB7}.Release|Any CPU.Build.0 = Release|Any CPU
	EndGlobalSection
	GlobalSection(SolutionProperties) = preSolution
		HideSolutionNode = FALSE
	EndGlobalSection
	GlobalSection(ExtensibilityGlobals) = postSolution
		SolutionGuid = {B2820091-FA7F-4613-887F-D85034752F17}
	EndGlobalSection
EndGlobal
